{
  "version": 4,
  "terraform_version": "1.2.8",
  "serial": 3,
  "lineage": "cca7ebf4-7677-30e5-e990-5f110f83a703",
  "outputs": {},
  "resources": [
    {
      "mode": "managed",
      "type": "google_container_cluster",
      "name": "bootcamp_project",
      "provider": "provider[\"registry.terraform.io/hashicorp/google\"]",
      "instances": []
    },
    {
      "mode": "managed",
      "type": "google_container_node_pool",
      "name": "primary_preemptible_nodes",
      "provider": "provider[\"registry.terraform.io/hashicorp/google\"]",
      "instances": []
    },
    {
      "mode": "managed",
      "type": "google_service_account",
      "name": "nodepool",
      "provider": "provider[\"registry.terraform.io/hashicorp/google\"]",
      "instances": [
        {
          "schema_version": 0,
          "attributes": {
            "account_id": "bcp-serviceaccount",
            "description": "",
            "disabled": false,
            "display_name": "BCP Service Account",
            "email": "bcp-serviceaccount@bootcamp-project-361711.iam.gserviceaccount.com",
            "id": "projects/bootcamp-project-361711/serviceAccounts/bcp-serviceaccount@bootcamp-project-361711.iam.gserviceaccount.com",
            "name": "projects/bootcamp-project-361711/serviceAccounts/bcp-serviceaccount@bootcamp-project-361711.iam.gserviceaccount.com",
            "project": "bootcamp-project-361711",
            "timeouts": null,
            "unique_id": "112690090485163134636"
          },
          "sensitive_attributes": [],
          "private": "eyJlMmJmYjczMC1lY2FhLTExZTYtOGY4OC0zNDM2M2JjN2M0YzAiOnsiY3JlYXRlIjozMDAwMDAwMDAwMDB9fQ=="
        }
      ]
    }
  ]
}
