{
  "version": 4,
  "terraform_version": "1.2.8",
  "serial": 7,
  "lineage": "cca7ebf4-7677-30e5-e990-5f110f83a703",
  "outputs": {},
  "resources": [
    {
      "mode": "managed",
      "type": "google_compute_network",
      "name": "vpc_network",
      "provider": "provider[\"registry.terraform.io/hashicorp/google\"]",
      "instances": [
        {
          "schema_version": 0,
          "attributes": {
            "auto_create_subnetworks": true,
            "delete_default_routes_on_create": false,
            "description": "",
            "enable_ula_internal_ipv6": false,
            "gateway_ipv4": "",
            "id": "projects/bootcamp-project-361711/global/networks/bcp-network",
            "internal_ipv6_range": "",
            "mtu": 0,
            "name": "bcp-network",
            "project": "bootcamp-project-361711",
            "routing_mode": "REGIONAL",
            "self_link": "https://www.googleapis.com/compute/v1/projects/bootcamp-project-361711/global/networks/bcp-network",
            "timeouts": null
          },
          "sensitive_attributes": [],
          "private": "eyJlMmJmYjczMC1lY2FhLTExZTYtOGY4OC0zNDM2M2JjN2M0YzAiOnsiY3JlYXRlIjoxMjAwMDAwMDAwMDAwLCJkZWxldGUiOjEyMDAwMDAwMDAwMDAsInVwZGF0ZSI6MTIwMDAwMDAwMDAwMH19"
        }
      ]
    },
    {
      "mode": "managed",
      "type": "google_container_cluster",
      "name": "bootcamp_project",
      "provider": "provider[\"registry.terraform.io/hashicorp/google\"]",
      "instances": [
        {
          "schema_version": 1,
          "attributes": {
            "addons_config": [
              {
                "cloudrun_config": [],
                "dns_cache_config": [],
                "gce_persistent_disk_csi_driver_config": [
                  {
                    "enabled": true
                  }
                ],
                "gcp_filestore_csi_driver_config": [],
                "horizontal_pod_autoscaling": [],
                "http_load_balancing": [],
                "network_policy_config": [
                  {
                    "disabled": true
                  }
                ]
              }
            ],
            "authenticator_groups_config": [],
            "binary_authorization": [
              {
                "enabled": false,
                "evaluation_mode": ""
              }
            ],
            "cluster_autoscaling": [
              {
                "auto_provisioning_defaults": [],
                "enabled": false,
                "resource_limits": []
              }
            ],
            "cluster_ipv4_cidr": "10.0.0.0/14",
            "confidential_nodes": [],
            "database_encryption": [
              {
                "key_name": "",
                "state": "DECRYPTED"
              }
            ],
            "datapath_provider": "",
            "default_max_pods_per_node": null,
            "default_snat_status": [
              {
                "disabled": false
              }
            ],
            "description": "",
            "dns_config": [],
            "enable_autopilot": false,
            "enable_binary_authorization": false,
            "enable_intranode_visibility": false,
            "enable_kubernetes_alpha": false,
            "enable_legacy_abac": false,
            "enable_shielded_nodes": true,
            "enable_tpu": false,
            "endpoint": "35.198.188.15",
            "id": "projects/bootcamp-project-361711/locations/europe-west3-a/clusters/bcp-gke",
            "initial_node_count": 1,
            "ip_allocation_policy": [],
            "label_fingerprint": "a9dc16a7",
            "location": "europe-west3-a",
            "logging_config": [
              {
                "enable_components": [
                  "SYSTEM_COMPONENTS",
                  "WORKLOADS"
                ]
              }
            ],
            "logging_service": "logging.googleapis.com/kubernetes",
            "maintenance_policy": [],
            "master_auth": [
              {
                "client_certificate": "",
                "client_certificate_config": [
                  {
                    "issue_client_certificate": false
                  }
                ],
                "client_key": "",
                "cluster_ca_certificate": "LS0tLS1CRUdJTiBDRVJUSUZJQ0FURS0tLS0tCk1JSUVMVENDQXBXZ0F3SUJBZ0lSQUxUM1Z2azM1TURUUTIrQU50UjZhc0V3RFFZSktvWklodmNOQVFFTEJRQXcKTHpFdE1Dc0dBMVVFQXhNa1lXWmlNbVl5TURJdE9UaGxaUzAwWmpnM0xUaGlOMlV0WkdFNU1XSmtNRGhpT1RnegpNQ0FYRFRJeU1Ea3dOakV5TVRnME1sb1lEekl3TlRJd09ESTVNVE14T0RReVdqQXZNUzB3S3dZRFZRUURFeVJoClptSXlaakl3TWkwNU9HVmxMVFJtT0RjdE9HSTNaUzFrWVRreFltUXdPR0k1T0RNd2dnR2lNQTBHQ1NxR1NJYjMKRFFFQkFRVUFBNElCandBd2dnR0tBb0lCZ1FEQXJGMUJHTDVsOGZMWTU0czFoc0YzN2phcGcyRGtERzdtMCthSQp4anF3MGUrUy9ZaXc0YnNVWVJpL3pBOXVqc01ET0pyQmljeWNjNnJoVFBPUm9FbWVxdXdvTEk3Ry83dERObDJECm5BY3VzaVVTNS9jMUZqeHU4RTJ4NUpWdkRDSjVxQWp3ZHh3RnZHQjUzNzZjcVhKTU5rWFVFMlJtdGcyMWtJbTUKc2paeXBZV0doOUgrcUFUZW9rK0NvRzFkUHJRU0MydmVOUTZ5ZGhuSkg1MEdHY3U0WTBXc3BPSzVtUXZZamsrQwo5ZlhQVkNkOXQ5c2grNno4ZzE0empZVm1jUHdyWUtsVDNZQTQ2c3pPQ3YzRU1wS2FtWk5SR0xrQTNWMHR3NXZMCld4MW1hSXpXb2V5eFNuOEJta3YrTDVoSEc5Wndya0hJS1BkaXBqTFI5S0EvMDZrSEEyRkVLUFdkQTBCdGVLTTMKbk8vQjNhRjRiRUI2RG9pUGVoeEw1dnJFcTlpbEZtSU1iTzFDRW5RakNoM1ExWk9IVllHeDZHeDRQSFNMaHJZSgpMZGhSMTVoeEVuT1JHRGdQMUhUSHJLbmF2Rmx1QVB2cTU4STlMMnhEbElkQkF2S2JnOEZxamc4RlpucURtdnBjCkg5U1hzaW1sWkdXUGkzazc3eEZSWlFiOVQ2Y0NBd0VBQWFOQ01FQXdEZ1lEVlIwUEFRSC9CQVFEQWdJRU1BOEcKQTFVZEV3RUIvd1FGTUFNQkFmOHdIUVlEVlIwT0JCWUVGQW9KUEpSYlYyWEREcWxoUzFWQVc1Q1lTZE9WTUEwRwpDU3FHU0liM0RRRUJDd1VBQTRJQmdRQXpyUHZvYWhPNmxyb05QcHkxR1FDOXhzbUxZdDlRdTJ4cWs3M3IxeUxECmxFeGZLYmV0NEJyUjRMajY4UW1UR25rTDZ3cUd5aE9zUEJkSVZ1WmUrdzErY0xLSkZOQlFpK3RaMzIxMytlcjIKN01oWmpGVkVNQ3R2UCtQUldWdWZlNUZGT3NaZVJyK0ZWeUQzMFo5enFBNnBHNllSRWNwQUl2clVOR0UvYzlEKwpUVGEvZTVrSWdzM1h5NE9hRHNjeml4WnZVYkxtdXNVR1dQMU9Sd1JCQ0lKVXNKQmQ0aU5GRWFCbCt5QkR1WkJmCkJuT3JsaUxwWE9TVy9sTTc4dEpGK1BRSW9LUEtKM3FJWVB3MVNxanVJelBvRm1MeUFzZ0F0YVMvQ1R4QlZEejIKcWRyN3k5bndNSUlaMCtEc1VHNTlQYlFlSTRtRGI1ZTRNZTY1Mm5kSzJNOGNXUFZuMEYrV3NKOHdpZUhKOXBLMApvY0ZCTUJkb3FENEZCNXBRa09YQ3hrN2loZUx3MnBFQW12YXJtUjRNWjBQakVHN1BwMS9Cd1AvbG93QVVweE5vCjc0T0hjNktkVkJpUHBnNzRIWCs0RjVTS2tqNEo5dnY5ejZQMjJUSVgxdXhYa0ljNDVuTmwycU1jbjBvakJyTysKenduMElaa1hmN1BnMzFaM0QzdWp3ZHM9Ci0tLS0tRU5EIENFUlRJRklDQVRFLS0tLS0K"
              }
            ],
            "master_authorized_networks_config": [],
            "master_version": "1.22.11-gke.400",
            "mesh_certificates": [],
            "min_master_version": null,
            "monitoring_config": [
              {
                "enable_components": [
                  "SYSTEM_COMPONENTS"
                ]
              }
            ],
            "monitoring_service": "monitoring.googleapis.com/kubernetes",
            "name": "bcp-gke",
            "network": "projects/bootcamp-project-361711/global/networks/bcp-network",
            "network_policy": [
              {
                "enabled": false,
                "provider": "PROVIDER_UNSPECIFIED"
              }
            ],
            "networking_mode": "ROUTES",
            "node_config": [],
            "node_locations": [],
            "node_pool": [],
            "node_version": "1.22.11-gke.400",
            "notification_config": [
              {
                "pubsub": [
                  {
                    "enabled": false,
                    "topic": ""
                  }
                ]
              }
            ],
            "operation": null,
            "private_cluster_config": [],
            "private_ipv6_google_access": "",
            "project": "bootcamp-project-361711",
            "release_channel": [
              {
                "channel": "REGULAR"
              }
            ],
            "remove_default_node_pool": true,
            "resource_labels": null,
            "resource_usage_export_config": [],
            "self_link": "https://container.googleapis.com/v1/projects/bootcamp-project-361711/zones/europe-west3-a/clusters/bcp-gke",
            "services_ipv4_cidr": "10.3.240.0/20",
            "subnetwork": "projects/bootcamp-project-361711/regions/europe-west3/subnetworks/bcp-network",
            "timeouts": null,
            "tpu_ipv4_cidr_block": "",
            "vertical_pod_autoscaling": [],
            "workload_identity_config": []
          },
          "sensitive_attributes": [],
          "private": "eyJlMmJmYjczMC1lY2FhLTExZTYtOGY4OC0zNDM2M2JjN2M0YzAiOnsiY3JlYXRlIjoyNDAwMDAwMDAwMDAwLCJkZWxldGUiOjI0MDAwMDAwMDAwMDAsInJlYWQiOjI0MDAwMDAwMDAwMDAsInVwZGF0ZSI6MzYwMDAwMDAwMDAwMH0sInNjaGVtYV92ZXJzaW9uIjoiMSJ9",
          "dependencies": [
            "google_compute_network.vpc_network"
          ]
        }
      ]
    },
    {
      "mode": "managed",
      "type": "google_container_node_pool",
      "name": "primary_preemptible_nodes",
      "provider": "provider[\"registry.terraform.io/hashicorp/google\"]",
      "instances": [
        {
          "schema_version": 1,
          "attributes": {
            "autoscaling": [],
            "cluster": "bcp-gke",
            "id": "projects/bootcamp-project-361711/locations/europe-west3-a/clusters/bcp-gke/nodePools/bcp-node-pool",
            "initial_node_count": 3,
            "instance_group_urls": [
              "https://www.googleapis.com/compute/v1/projects/bootcamp-project-361711/zones/europe-west3-a/instanceGroupManagers/gke-bcp-gke-bcp-node-pool-6cb84ef4-grp"
            ],
            "location": "europe-west3-a",
            "managed_instance_group_urls": [
              "https://www.googleapis.com/compute/v1/projects/bootcamp-project-361711/zones/europe-west3-a/instanceGroups/gke-bcp-gke-bcp-node-pool-6cb84ef4-grp"
            ],
            "management": [
              {
                "auto_repair": true,
                "auto_upgrade": true
              }
            ],
            "max_pods_per_node": null,
            "name": "bcp-node-pool",
            "name_prefix": "",
            "node_config": [
              {
                "boot_disk_kms_key": "",
                "disk_size_gb": 100,
                "disk_type": "pd-standard",
                "gcfs_config": [],
                "guest_accelerator": [],
                "gvnic": [],
                "image_type": "COS_CONTAINERD",
                "labels": {},
                "local_ssd_count": 0,
                "machine_type": "e2-medium",
                "metadata": {
                  "disable-legacy-endpoints": "true"
                },
                "min_cpu_platform": "",
                "node_group": "",
                "oauth_scopes": [
                  "https://www.googleapis.com/auth/cloud-platform"
                ],
                "preemptible": true,
                "reservation_affinity": [],
                "service_account": "bcp-serviceaccount@bootcamp-project-361711.iam.gserviceaccount.com",
                "shielded_instance_config": [
                  {
                    "enable_integrity_monitoring": true,
                    "enable_secure_boot": false
                  }
                ],
                "spot": false,
                "tags": null,
                "taint": [],
                "workload_metadata_config": []
              }
            ],
            "node_count": 3,
            "node_locations": [
              "europe-west3-a"
            ],
            "operation": null,
            "project": "bootcamp-project-361711",
            "timeouts": null,
            "upgrade_settings": [
              {
                "max_surge": 1,
                "max_unavailable": 0
              }
            ],
            "version": "1.22.11-gke.400"
          },
          "sensitive_attributes": [],
          "private": "eyJlMmJmYjczMC1lY2FhLTExZTYtOGY4OC0zNDM2M2JjN2M0YzAiOnsiY3JlYXRlIjoxODAwMDAwMDAwMDAwLCJkZWxldGUiOjE4MDAwMDAwMDAwMDAsInVwZGF0ZSI6MTgwMDAwMDAwMDAwMH0sInNjaGVtYV92ZXJzaW9uIjoiMSJ9",
          "dependencies": [
            "google_compute_network.vpc_network",
            "google_container_cluster.bootcamp_project",
            "google_service_account.nodepool"
          ]
        }
      ]
    },
    {
      "mode": "managed",
      "type": "google_service_account",
      "name": "nodepool",
      "provider": "provider[\"registry.terraform.io/hashicorp/google\"]",
      "instances": [
        {
          "schema_version": 0,
          "attributes": {
            "account_id": "bcp-serviceaccount",
            "description": "",
            "disabled": false,
            "display_name": "BCP Service Account",
            "email": "bcp-serviceaccount@bootcamp-project-361711.iam.gserviceaccount.com",
            "id": "projects/bootcamp-project-361711/serviceAccounts/bcp-serviceaccount@bootcamp-project-361711.iam.gserviceaccount.com",
            "name": "projects/bootcamp-project-361711/serviceAccounts/bcp-serviceaccount@bootcamp-project-361711.iam.gserviceaccount.com",
            "project": "bootcamp-project-361711",
            "timeouts": null,
            "unique_id": "112690090485163134636"
          },
          "sensitive_attributes": [],
          "private": "eyJlMmJmYjczMC1lY2FhLTExZTYtOGY4OC0zNDM2M2JjN2M0YzAiOnsiY3JlYXRlIjozMDAwMDAwMDAwMDB9fQ=="
        }
      ]
    }
  ]
}
